
Microsoft Visual Studio Solution File, Format Version 12.00
# Visual Studio 15
VisualStudioVersion = 15.0.27428.2002
MinimumVisualStudioVersion = 10.0.40219.1
Project("{8BC9CEB8-8B4A-11D0-8D11-00A0C91BC942}") = "RandomSelect", "RandomSelect.vcxproj", "{C83761DF-6A73-4186-9A00-BA798CBA60E2}"
EndProject
Global
	GlobalSection(SolutionConfigurationPlatforms) = preSolution
		Debug|x64 = Debug|x64
		Debug|x86 = Debug|x86
		Release|x64 = Release|x64
		Release|x86 = Release|x86
	EndGlobalSection
	GlobalSection(ProjectConfigurationPlatforms) = postSolution
		{C83761DF-6A73-4186-9A00-BA798CBA60E2}.Debug|x64.ActiveCfg = Debug|x64
		{C83761DF-6A73-4186-9A00-BA798CBA60E2}.Debug|x64.Build.0 = Debug|x64
		{C83761DF-6A73-4186-9A00-BA798CBA60E2}.Debug|x86.ActiveCfg = Debug|Win32
		{C83761DF-6A73-4186-9A00-BA798CBA60E2}.Debug|x86.Build.0 = Debug|Win32
		{C83761DF-6A73-4186-9A00-BA798CBA60E2}.Release|x64.ActiveCfg = Release|x64
		{C83761DF-6A73-4186-9A00-BA798CBA60E2}.Release|x64.Build.0 = Release|x64
		{C83761DF-6A73-4186-9A00-BA798CBA60E2}.Release|x86.ActiveCfg = Release|Win32
		{C83761DF-6A73-4186-9A00-BA798CBA60E2}.Release|x86.Build.0 = Release|Win32
	EndGlobalSection
	GlobalSection(SolutionProperties) = preSolution
		HideSolutionNode = FALSE
	EndGlobalSection
	GlobalSection(ExtensibilityGlobals) = postSolution
		SolutionGuid = {3280FFF2-64B4-4119-8A78-05F92CBE87E0}
	EndGlobalSection
EndGlobal
